// !$*UTF8*$!
{
	archiveVersion = 1;
	classes = {
	};
	objectVersion = 50;
	objects = {

/* Begin PBXBuildFile section */
		7B81EC09012BD5B63AE5AB95 /* libPods-TestMVP.a in Frameworks */ = {isa = PBXBuildFile; fileRef = 68C08781FCE5AB49B15FAFB1 /* libPods-TestMVP.a */; };
		B559D14C23AB151700824D1F /* LoginPresenter.swift in Sources */ = {isa = PBXBuildFile; fileRef = B559D14723AB151700824D1F /* LoginPresenter.swift */; };
		B559D14D23AB151700824D1F /* LoginRouter.swift in Sources */ = {isa = PBXBuildFile; fileRef = B559D14823AB151700824D1F /* LoginRouter.swift */; };
		B559D14E23AB151700824D1F /* LoginViewController.swift in Sources */ = {isa = PBXBuildFile; fileRef = B559D14923AB151700824D1F /* LoginViewController.swift */; };
		B559D14F23AB151700824D1F /* LoginProtocols.swift in Sources */ = {isa = PBXBuildFile; fileRef = B559D14A23AB151700824D1F /* LoginProtocols.swift */; };
		B559D15023AB151700824D1F /* LoginViewController.xib in Resources */ = {isa = PBXBuildFile; fileRef = B559D14B23AB151700824D1F /* LoginViewController.xib */; };
		B559D15423AB159600824D1F /* UIView+extension.swift in Sources */ = {isa = PBXBuildFile; fileRef = B559D15323AB159600824D1F /* UIView+extension.swift */; };
		B559D15823AB1B7700824D1F /* CellBook.swift in Sources */ = {isa = PBXBuildFile; fileRef = B559D15623AB1B7700824D1F /* CellBook.swift */; };
		B559D15923AB1B7700824D1F /* CellBook.xib in Resources */ = {isa = PBXBuildFile; fileRef = B559D15723AB1B7700824D1F /* CellBook.xib */; };
		B559D15F23AB1C4200824D1F /* BookPresenter.swift in Sources */ = {isa = PBXBuildFile; fileRef = B559D15A23AB1C4200824D1F /* BookPresenter.swift */; };
		B559D16023AB1C4200824D1F /* BookRouter.swift in Sources */ = {isa = PBXBuildFile; fileRef = B559D15B23AB1C4200824D1F /* BookRouter.swift */; };
		B559D16123AB1C4200824D1F /* BookViewController.swift in Sources */ = {isa = PBXBuildFile; fileRef = B559D15C23AB1C4200824D1F /* BookViewController.swift */; };
		B559D16223AB1C4200824D1F /* BookProtocols.swift in Sources */ = {isa = PBXBuildFile; fileRef = B559D15D23AB1C4200824D1F /* BookProtocols.swift */; };
		B559D16323AB1C4200824D1F /* BookViewController.xib in Resources */ = {isa = PBXBuildFile; fileRef = B559D15E23AB1C4200824D1F /* BookViewController.xib */; };
		B56F3CB123B056120031ABD4 /* Provider.swift in Sources */ = {isa = PBXBuildFile; fileRef = B56F3CB023B056120031ABD4 /* Provider.swift */; };
		B56F3CB323B058070031ABD4 /* Network.swift in Sources */ = {isa = PBXBuildFile; fileRef = B56F3CB223B058070031ABD4 /* Network.swift */; };
		B56F3CB523B0585E0031ABD4 /* BaseRouter.swift in Sources */ = {isa = PBXBuildFile; fileRef = B56F3CB423B0585E0031ABD4 /* BaseRouter.swift */; };
		B56F3CB723B05FAA0031ABD4 /* BaseResponse.swift in Sources */ = {isa = PBXBuildFile; fileRef = B56F3CB623B05FAA0031ABD4 /* BaseResponse.swift */; };
		B56F3CBA23B0610A0031ABD4 /* MovieRouter.swift in Sources */ = {isa = PBXBuildFile; fileRef = B56F3CB923B0610A0031ABD4 /* MovieRouter.swift */; };
		B56F3CBD23B062900031ABD4 /* MovieService.swift in Sources */ = {isa = PBXBuildFile; fileRef = B56F3CBC23B062900031ABD4 /* MovieService.swift */; };
		B56F3CBF23B0698A0031ABD4 /* MapperData.swift in Sources */ = {isa = PBXBuildFile; fileRef = B56F3CBE23B0698A0031ABD4 /* MapperData.swift */; };
		B56F3CC223B0790D0031ABD4 /* APIError.swift in Sources */ = {isa = PBXBuildFile; fileRef = B56F3CC123B0790D0031ABD4 /* APIError.swift */; };
		B56F3CC623B07F0D0031ABD4 /* MovieTopRateEntity.swift in Sources */ = {isa = PBXBuildFile; fileRef = B56F3CC523B07F0D0031ABD4 /* MovieTopRateEntity.swift */; };
		B575FE5F23A9CCC8004ED8D8 /* CirclePresenter.swift in Sources */ = {isa = PBXBuildFile; fileRef = B575FE5A23A9CCC8004ED8D8 /* CirclePresenter.swift */; };
		B575FE6023A9CCC8004ED8D8 /* CircleRouter.swift in Sources */ = {isa = PBXBuildFile; fileRef = B575FE5B23A9CCC8004ED8D8 /* CircleRouter.swift */; };
		B575FE6123A9CCC8004ED8D8 /* CircleViewController.swift in Sources */ = {isa = PBXBuildFile; fileRef = B575FE5C23A9CCC8004ED8D8 /* CircleViewController.swift */; };
		B575FE6223A9CCC8004ED8D8 /* CircleProtocols.swift in Sources */ = {isa = PBXBuildFile; fileRef = B575FE5D23A9CCC8004ED8D8 /* CircleProtocols.swift */; };
		B575FE6323A9CCC8004ED8D8 /* CircleViewController.xib in Resources */ = {isa = PBXBuildFile; fileRef = B575FE5E23A9CCC8004ED8D8 /* CircleViewController.xib */; };
		B5FD1FC823A71FD5005F6AEA /* AppDelegate.swift in Sources */ = {isa = PBXBuildFile; fileRef = B5FD1FC723A71FD5005F6AEA /* AppDelegate.swift */; };
		B5FD1FCA23A71FD5005F6AEA /* SceneDelegate.swift in Sources */ = {isa = PBXBuildFile; fileRef = B5FD1FC923A71FD5005F6AEA /* SceneDelegate.swift */; };
		B5FD1FCC23A71FD5005F6AEA /* ViewController.swift in Sources */ = {isa = PBXBuildFile; fileRef = B5FD1FCB23A71FD5005F6AEA /* ViewController.swift */; };
		B5FD1FD223A71FD5005F6AEA /* TestMVP.xcdatamodeld in Sources */ = {isa = PBXBuildFile; fileRef = B5FD1FD023A71FD5005F6AEA /* TestMVP.xcdatamodeld */; };
		B5FD1FD423A71FD7005F6AEA /* Assets.xcassets in Resources */ = {isa = PBXBuildFile; fileRef = B5FD1FD323A71FD7005F6AEA /* Assets.xcassets */; };
		B5FD1FD723A71FD7005F6AEA /* LaunchScreen.storyboard in Resources */ = {isa = PBXBuildFile; fileRef = B5FD1FD523A71FD7005F6AEA /* LaunchScreen.storyboard */; };
		B5FD1FE223A71FD7005F6AEA /* TestMVPTests.swift in Sources */ = {isa = PBXBuildFile; fileRef = B5FD1FE123A71FD7005F6AEA /* TestMVPTests.swift */; };
		B5FD1FED23A71FD7005F6AEA /* TestMVPUITests.swift in Sources */ = {isa = PBXBuildFile; fileRef = B5FD1FEC23A71FD7005F6AEA /* TestMVPUITests.swift */; };
/* End PBXBuildFile section */

/* Begin PBXContainerItemProxy section */
		B5FD1FDE23A71FD7005F6AEA /* PBXContainerItemProxy */ = {
			isa = PBXContainerItemProxy;
			containerPortal = B5FD1FBC23A71FD5005F6AEA /* Project object */;
			proxyType = 1;
			remoteGlobalIDString = B5FD1FC323A71FD5005F6AEA;
			remoteInfo = TestMVP;
		};
		B5FD1FE923A71FD7005F6AEA /* PBXContainerItemProxy */ = {
			isa = PBXContainerItemProxy;
			containerPortal = B5FD1FBC23A71FD5005F6AEA /* Project object */;
			proxyType = 1;
			remoteGlobalIDString = B5FD1FC323A71FD5005F6AEA;
			remoteInfo = TestMVP;
		};
/* End PBXContainerItemProxy section */

/* Begin PBXFileReference section */
		68C08781FCE5AB49B15FAFB1 /* libPods-TestMVP.a */ = {isa = PBXFileReference; explicitFileType = archive.ar; includeInIndex = 0; path = "libPods-TestMVP.a"; sourceTree = BUILT_PRODUCTS_DIR; };
		B1101DE2CC19DE90D9AB5CBF /* Pods-TestMVP.debug.xcconfig */ = {isa = PBXFileReference; includeInIndex = 1; lastKnownFileType = text.xcconfig; name = "Pods-TestMVP.debug.xcconfig"; path = "Target Support Files/Pods-TestMVP/Pods-TestMVP.debug.xcconfig"; sourceTree = "<group>"; };
		B559D14723AB151700824D1F /* LoginPresenter.swift */ = {isa = PBXFileReference; lastKnownFileType = sourcecode.swift; path = LoginPresenter.swift; sourceTree = "<group>"; };
		B559D14823AB151700824D1F /* LoginRouter.swift */ = {isa = PBXFileReference; lastKnownFileType = sourcecode.swift; path = LoginRouter.swift; sourceTree = "<group>"; };
		B559D14923AB151700824D1F /* LoginViewController.swift */ = {isa = PBXFileReference; lastKnownFileType = sourcecode.swift; path = LoginViewController.swift; sourceTree = "<group>"; };
		B559D14A23AB151700824D1F /* LoginProtocols.swift */ = {isa = PBXFileReference; lastKnownFileType = sourcecode.swift; path = LoginProtocols.swift; sourceTree = "<group>"; };
		B559D14B23AB151700824D1F /* LoginViewController.xib */ = {isa = PBXFileReference; lastKnownFileType = file.xib; path = LoginViewController.xib; sourceTree = "<group>"; };
		B559D15323AB159600824D1F /* UIView+extension.swift */ = {isa = PBXFileReference; lastKnownFileType = sourcecode.swift; path = "UIView+extension.swift"; sourceTree = "<group>"; };
		B559D15623AB1B7700824D1F /* CellBook.swift */ = {isa = PBXFileReference; lastKnownFileType = sourcecode.swift; path = CellBook.swift; sourceTree = "<group>"; };
		B559D15723AB1B7700824D1F /* CellBook.xib */ = {isa = PBXFileReference; lastKnownFileType = file.xib; path = CellBook.xib; sourceTree = "<group>"; };
		B559D15A23AB1C4200824D1F /* BookPresenter.swift */ = {isa = PBXFileReference; lastKnownFileType = sourcecode.swift; path = BookPresenter.swift; sourceTree = "<group>"; };
		B559D15B23AB1C4200824D1F /* BookRouter.swift */ = {isa = PBXFileReference; lastKnownFileType = sourcecode.swift; path = BookRouter.swift; sourceTree = "<group>"; };
		B559D15C23AB1C4200824D1F /* BookViewController.swift */ = {isa = PBXFileReference; lastKnownFileType = sourcecode.swift; path = BookViewController.swift; sourceTree = "<group>"; };
		B559D15D23AB1C4200824D1F /* BookProtocols.swift */ = {isa = PBXFileReference; lastKnownFileType = sourcecode.swift; path = BookProtocols.swift; sourceTree = "<group>"; };
		B559D15E23AB1C4200824D1F /* BookViewController.xib */ = {isa = PBXFileReference; lastKnownFileType = file.xib; path = BookViewController.xib; sourceTree = "<group>"; };
		B56F3CB023B056120031ABD4 /* Provider.swift */ = {isa = PBXFileReference; lastKnownFileType = sourcecode.swift; path = Provider.swift; sourceTree = "<group>"; };
		B56F3CB223B058070031ABD4 /* Network.swift */ = {isa = PBXFileReference; lastKnownFileType = sourcecode.swift; path = Network.swift; sourceTree = "<group>"; };
		B56F3CB423B0585E0031ABD4 /* BaseRouter.swift */ = {isa = PBXFileReference; lastKnownFileType = sourcecode.swift; path = BaseRouter.swift; sourceTree = "<group>"; };
		B56F3CB623B05FAA0031ABD4 /* BaseResponse.swift */ = {isa = PBXFileReference; lastKnownFileType = sourcecode.swift; path = BaseResponse.swift; sourceTree = "<group>"; };
		B56F3CB923B0610A0031ABD4 /* MovieRouter.swift */ = {isa = PBXFileReference; lastKnownFileType = sourcecode.swift; path = MovieRouter.swift; sourceTree = "<group>"; };
		B56F3CBC23B062900031ABD4 /* MovieService.swift */ = {isa = PBXFileReference; lastKnownFileType = sourcecode.swift; path = MovieService.swift; sourceTree = "<group>"; };
		B56F3CBE23B0698A0031ABD4 /* MapperData.swift */ = {isa = PBXFileReference; lastKnownFileType = sourcecode.swift; path = MapperData.swift; sourceTree = "<group>"; };
		B56F3CC123B0790D0031ABD4 /* APIError.swift */ = {isa = PBXFileReference; lastKnownFileType = sourcecode.swift; path = APIError.swift; sourceTree = "<group>"; };
		B56F3CC523B07F0D0031ABD4 /* MovieTopRateEntity.swift */ = {isa = PBXFileReference; lastKnownFileType = sourcecode.swift; path = MovieTopRateEntity.swift; sourceTree = "<group>"; };
		B575FE5A23A9CCC8004ED8D8 /* CirclePresenter.swift */ = {isa = PBXFileReference; lastKnownFileType = sourcecode.swift; path = CirclePresenter.swift; sourceTree = "<group>"; };
		B575FE5B23A9CCC8004ED8D8 /* CircleRouter.swift */ = {isa = PBXFileReference; lastKnownFileType = sourcecode.swift; path = CircleRouter.swift; sourceTree = "<group>"; };
		B575FE5C23A9CCC8004ED8D8 /* CircleViewController.swift */ = {isa = PBXFileReference; lastKnownFileType = sourcecode.swift; path = CircleViewController.swift; sourceTree = "<group>"; };
		B575FE5D23A9CCC8004ED8D8 /* CircleProtocols.swift */ = {isa = PBXFileReference; lastKnownFileType = sourcecode.swift; path = CircleProtocols.swift; sourceTree = "<group>"; };
		B575FE5E23A9CCC8004ED8D8 /* CircleViewController.xib */ = {isa = PBXFileReference; lastKnownFileType = file.xib; path = CircleViewController.xib; sourceTree = "<group>"; };
		B5FD1FC423A71FD5005F6AEA /* TestMVP.app */ = {isa = PBXFileReference; explicitFileType = wrapper.application; includeInIndex = 0; path = TestMVP.app; sourceTree = BUILT_PRODUCTS_DIR; };
		B5FD1FC723A71FD5005F6AEA /* AppDelegate.swift */ = {isa = PBXFileReference; lastKnownFileType = sourcecode.swift; path = AppDelegate.swift; sourceTree = "<group>"; };
		B5FD1FC923A71FD5005F6AEA /* SceneDelegate.swift */ = {isa = PBXFileReference; lastKnownFileType = sourcecode.swift; path = SceneDelegate.swift; sourceTree = "<group>"; };
		B5FD1FCB23A71FD5005F6AEA /* ViewController.swift */ = {isa = PBXFileReference; lastKnownFileType = sourcecode.swift; path = ViewController.swift; sourceTree = "<group>"; };
		B5FD1FD123A71FD5005F6AEA /* TestMVP.xcdatamodel */ = {isa = PBXFileReference; lastKnownFileType = wrapper.xcdatamodel; path = TestMVP.xcdatamodel; sourceTree = "<group>"; };
		B5FD1FD323A71FD7005F6AEA /* Assets.xcassets */ = {isa = PBXFileReference; lastKnownFileType = folder.assetcatalog; path = Assets.xcassets; sourceTree = "<group>"; };
		B5FD1FD623A71FD7005F6AEA /* Base */ = {isa = PBXFileReference; lastKnownFileType = file.storyboard; name = Base; path = Base.lproj/LaunchScreen.storyboard; sourceTree = "<group>"; };
		B5FD1FD823A71FD7005F6AEA /* Info.plist */ = {isa = PBXFileReference; lastKnownFileType = text.plist.xml; path = Info.plist; sourceTree = "<group>"; };
		B5FD1FDD23A71FD7005F6AEA /* TestMVPTests.xctest */ = {isa = PBXFileReference; explicitFileType = wrapper.cfbundle; includeInIndex = 0; path = TestMVPTests.xctest; sourceTree = BUILT_PRODUCTS_DIR; };
		B5FD1FE123A71FD7005F6AEA /* TestMVPTests.swift */ = {isa = PBXFileReference; lastKnownFileType = sourcecode.swift; path = TestMVPTests.swift; sourceTree = "<group>"; };
		B5FD1FE323A71FD7005F6AEA /* Info.plist */ = {isa = PBXFileReference; lastKnownFileType = text.plist.xml; path = Info.plist; sourceTree = "<group>"; };
		B5FD1FE823A71FD7005F6AEA /* TestMVPUITests.xctest */ = {isa = PBXFileReference; explicitFileType = wrapper.cfbundle; includeInIndex = 0; path = TestMVPUITests.xctest; sourceTree = BUILT_PRODUCTS_DIR; };
		B5FD1FEC23A71FD7005F6AEA /* TestMVPUITests.swift */ = {isa = PBXFileReference; lastKnownFileType = sourcecode.swift; path = TestMVPUITests.swift; sourceTree = "<group>"; };
		B5FD1FEE23A71FD7005F6AEA /* Info.plist */ = {isa = PBXFileReference; lastKnownFileType = text.plist.xml; path = Info.plist; sourceTree = "<group>"; };
		C7ACB7F554F742174E86E913 /* Pods-TestMVP.release.xcconfig */ = {isa = PBXFileReference; includeInIndex = 1; lastKnownFileType = text.xcconfig; name = "Pods-TestMVP.release.xcconfig"; path = "Target Support Files/Pods-TestMVP/Pods-TestMVP.release.xcconfig"; sourceTree = "<group>"; };
/* End PBXFileReference section */

/* Begin PBXFrameworksBuildPhase section */
		B5FD1FC123A71FD5005F6AEA /* Frameworks */ = {
			isa = PBXFrameworksBuildPhase;
			buildActionMask = 2147483647;
			files = (
				7B81EC09012BD5B63AE5AB95 /* libPods-TestMVP.a in Frameworks */,
			);
			runOnlyForDeploymentPostprocessing = 0;
		};
		B5FD1FDA23A71FD7005F6AEA /* Frameworks */ = {
			isa = PBXFrameworksBuildPhase;
			buildActionMask = 2147483647;
			files = (
			);
			runOnlyForDeploymentPostprocessing = 0;
		};
		B5FD1FE523A71FD7005F6AEA /* Frameworks */ = {
			isa = PBXFrameworksBuildPhase;
			buildActionMask = 2147483647;
			files = (
			);
			runOnlyForDeploymentPostprocessing = 0;
		};
/* End PBXFrameworksBuildPhase section */

/* Begin PBXGroup section */
		5FC961298C4BFFA177AA70AC /* Pods */ = {
			isa = PBXGroup;
			children = (
				B1101DE2CC19DE90D9AB5CBF /* Pods-TestMVP.debug.xcconfig */,
				C7ACB7F554F742174E86E913 /* Pods-TestMVP.release.xcconfig */,
			);
			path = Pods;
			sourceTree = "<group>";
		};
		AEDA881D5501924C9B7AC85C /* Frameworks */ = {
			isa = PBXGroup;
			children = (
				68C08781FCE5AB49B15FAFB1 /* libPods-TestMVP.a */,
			);
			name = Frameworks;
			sourceTree = "<group>";
		};
		B53C7ACC23A8B50D00EA40D8 /* Book */ = {
			isa = PBXGroup;
			children = (
				B559D15523AB1B4300824D1F /* Cell */,
				B559D15A23AB1C4200824D1F /* BookPresenter.swift */,
				B559D15B23AB1C4200824D1F /* BookRouter.swift */,
				B559D15C23AB1C4200824D1F /* BookViewController.swift */,
				B559D15D23AB1C4200824D1F /* BookProtocols.swift */,
				B559D15E23AB1C4200824D1F /* BookViewController.xib */,
			);
			path = Book;
			sourceTree = "<group>";
		};
		B559D15123AB156400824D1F /* Components */ = {
			isa = PBXGroup;
			children = (
				B559D15223AB156C00824D1F /* Extension */,
			);
			path = Components;
			sourceTree = "<group>";
		};
		B559D15223AB156C00824D1F /* Extension */ = {
			isa = PBXGroup;
			children = (
				B559D15323AB159600824D1F /* UIView+extension.swift */,
			);
			path = Extension;
			sourceTree = "<group>";
		};
		B559D15523AB1B4300824D1F /* Cell */ = {
			isa = PBXGroup;
			children = (
				B559D15623AB1B7700824D1F /* CellBook.swift */,
				B559D15723AB1B7700824D1F /* CellBook.xib */,
			);
			path = Cell;
			sourceTree = "<group>";
		};
		B56F3CAF23B054D10031ABD4 /* Network */ = {
			isa = PBXGroup;
			children = (
				B56F3CC323B07EF50031ABD4 /* Response */,
				B56F3CBB23B0627F0031ABD4 /* Services */,
				B56F3CB823B05FF50031ABD4 /* Router */,
				B56F3CB023B056120031ABD4 /* Provider.swift */,
				B56F3CB223B058070031ABD4 /* Network.swift */,
				B56F3CB423B0585E0031ABD4 /* BaseRouter.swift */,
				B56F3CB623B05FAA0031ABD4 /* BaseResponse.swift */,
				B56F3CBE23B0698A0031ABD4 /* MapperData.swift */,
				B56F3CC123B0790D0031ABD4 /* APIError.swift */,
			);
			path = Network;
			sourceTree = "<group>";
		};
		B56F3CB823B05FF50031ABD4 /* Router */ = {
			isa = PBXGroup;
			children = (
				B56F3CB923B0610A0031ABD4 /* MovieRouter.swift */,
			);
			path = Router;
			sourceTree = "<group>";
		};
		B56F3CBB23B0627F0031ABD4 /* Services */ = {
			isa = PBXGroup;
			children = (
				B56F3CBC23B062900031ABD4 /* MovieService.swift */,
			);
			path = Services;
			sourceTree = "<group>";
		};
		B56F3CC323B07EF50031ABD4 /* Response */ = {
			isa = PBXGroup;
			children = (
				B56F3CC423B07EFD0031ABD4 /* Movie */,
			);
			path = Response;
			sourceTree = "<group>";
		};
		B56F3CC423B07EFD0031ABD4 /* Movie */ = {
			isa = PBXGroup;
			children = (
				B56F3CC523B07F0D0031ABD4 /* MovieTopRateEntity.swift */,
			);
			path = Movie;
			sourceTree = "<group>";
		};
		B575FE5923A9CC5D004ED8D8 /* Circle */ = {
			isa = PBXGroup;
			children = (
				B575FE5A23A9CCC8004ED8D8 /* CirclePresenter.swift */,
				B575FE5B23A9CCC8004ED8D8 /* CircleRouter.swift */,
				B575FE5C23A9CCC8004ED8D8 /* CircleViewController.swift */,
				B575FE5D23A9CCC8004ED8D8 /* CircleProtocols.swift */,
				B575FE5E23A9CCC8004ED8D8 /* CircleViewController.xib */,
			);
			path = Circle;
			sourceTree = "<group>";
		};
		B5DE941323B3151700430A92 /* Modules */ = {
			isa = PBXGroup;
			children = (
				B575FE5923A9CC5D004ED8D8 /* Circle */,
				B5FD1FFA23A71FDF005F6AEA /* Login */,
				B53C7ACC23A8B50D00EA40D8 /* Book */,
			);
			path = Modules;
			sourceTree = "<group>";
		};
		B5FD1FBB23A71FD5005F6AEA = {
			isa = PBXGroup;
			children = (
				B5FD1FC623A71FD5005F6AEA /* TestMVP */,
				B5FD1FE023A71FD7005F6AEA /* TestMVPTests */,
				B5FD1FEB23A71FD7005F6AEA /* TestMVPUITests */,
				B5FD1FC523A71FD5005F6AEA /* Products */,
				5FC961298C4BFFA177AA70AC /* Pods */,
				AEDA881D5501924C9B7AC85C /* Frameworks */,
			);
			sourceTree = "<group>";
		};
		B5FD1FC523A71FD5005F6AEA /* Products */ = {
			isa = PBXGroup;
			children = (
				B5FD1FC423A71FD5005F6AEA /* TestMVP.app */,
				B5FD1FDD23A71FD7005F6AEA /* TestMVPTests.xctest */,
				B5FD1FE823A71FD7005F6AEA /* TestMVPUITests.xctest */,
			);
			name = Products;
			sourceTree = "<group>";
		};
		B5FD1FC623A71FD5005F6AEA /* TestMVP */ = {
			isa = PBXGroup;
			children = (
				B5DE941323B3151700430A92 /* Modules */,
				B56F3CAF23B054D10031ABD4 /* Network */,
				B559D15123AB156400824D1F /* Components */,
				B5FD1FC723A71FD5005F6AEA /* AppDelegate.swift */,
				B5FD1FC923A71FD5005F6AEA /* SceneDelegate.swift */,
				B5FD1FCB23A71FD5005F6AEA /* ViewController.swift */,
				B5FD1FD323A71FD7005F6AEA /* Assets.xcassets */,
				B5FD1FD523A71FD7005F6AEA /* LaunchScreen.storyboard */,
				B5FD1FD823A71FD7005F6AEA /* Info.plist */,
				B5FD1FD023A71FD5005F6AEA /* TestMVP.xcdatamodeld */,
			);
			path = TestMVP;
			sourceTree = "<group>";
		};
		B5FD1FE023A71FD7005F6AEA /* TestMVPTests */ = {
			isa = PBXGroup;
			children = (
				B5FD1FE123A71FD7005F6AEA /* TestMVPTests.swift */,
				B5FD1FE323A71FD7005F6AEA /* Info.plist */,
			);
			path = TestMVPTests;
			sourceTree = "<group>";
		};
		B5FD1FEB23A71FD7005F6AEA /* TestMVPUITests */ = {
			isa = PBXGroup;
			children = (
				B5FD1FEC23A71FD7005F6AEA /* TestMVPUITests.swift */,
				B5FD1FEE23A71FD7005F6AEA /* Info.plist */,
			);
			path = TestMVPUITests;
			sourceTree = "<group>";
		};
		B5FD1FFA23A71FDF005F6AEA /* Login */ = {
			isa = PBXGroup;
			children = (
				B559D14723AB151700824D1F /* LoginPresenter.swift */,
				B559D14823AB151700824D1F /* LoginRouter.swift */,
				B559D14923AB151700824D1F /* LoginViewController.swift */,
				B559D14A23AB151700824D1F /* LoginProtocols.swift */,
				B559D14B23AB151700824D1F /* LoginViewController.xib */,
			);
			path = Login;
			sourceTree = "<group>";
		};
/* End PBXGroup section */

/* Begin PBXNativeTarget section */
		B5FD1FC323A71FD5005F6AEA /* TestMVP */ = {
			isa = PBXNativeTarget;
			buildConfigurationList = B5FD1FF123A71FD7005F6AEA /* Build configuration list for PBXNativeTarget "TestMVP" */;
			buildPhases = (
				A8CC7812727F6D75E8E1B17B /* [CP] Check Pods Manifest.lock */,
				B5FD1FC023A71FD5005F6AEA /* Sources */,
				B5FD1FC123A71FD5005F6AEA /* Frameworks */,
				B5FD1FC223A71FD5005F6AEA /* Resources */,
			);
			buildRules = (
			);
			dependencies = (
			);
			name = TestMVP;
			productName = TestMVP;
			productReference = B5FD1FC423A71FD5005F6AEA /* TestMVP.app */;
			productType = "com.apple.product-type.application";
		};
		B5FD1FDC23A71FD7005F6AEA /* TestMVPTests */ = {
			isa = PBXNativeTarget;
			buildConfigurationList = B5FD1FF423A71FD7005F6AEA /* Build configuration list for PBXNativeTarget "TestMVPTests" */;
			buildPhases = (
				B5FD1FD923A71FD7005F6AEA /* Sources */,
				B5FD1FDA23A71FD7005F6AEA /* Frameworks */,
				B5FD1FDB23A71FD7005F6AEA /* Resources */,
			);
			buildRules = (
			);
			dependencies = (
				B5FD1FDF23A71FD7005F6AEA /* PBXTargetDependency */,
			);
			name = TestMVPTests;
			productName = TestMVPTests;
			productReference = B5FD1FDD23A71FD7005F6AEA /* TestMVPTests.xctest */;
			productType = "com.apple.product-type.bundle.unit-test";
		};
		B5FD1FE723A71FD7005F6AEA /* TestMVPUITests */ = {
			isa = PBXNativeTarget;
			buildConfigurationList = B5FD1FF723A71FD7005F6AEA /* Build configuration list for PBXNativeTarget "TestMVPUITests" */;
			buildPhases = (
				B5FD1FE423A71FD7005F6AEA /* Sources */,
				B5FD1FE523A71FD7005F6AEA /* Frameworks */,
				B5FD1FE623A71FD7005F6AEA /* Resources */,
			);
			buildRules = (
			);
			dependencies = (
				B5FD1FEA23A71FD7005F6AEA /* PBXTargetDependency */,
			);
			name = TestMVPUITests;
			productName = TestMVPUITests;
			productReference = B5FD1FE823A71FD7005F6AEA /* TestMVPUITests.xctest */;
			productType = "com.apple.product-type.bundle.ui-testing";
		};
/* End PBXNativeTarget section */

/* Begin PBXProject section */
		B5FD1FBC23A71FD5005F6AEA /* Project object */ = {
			isa = PBXProject;
			attributes = {
				LastSwiftUpdateCheck = 1120;
				LastUpgradeCheck = 1120;
				ORGANIZATIONNAME = "VFA-ChauNN";
				TargetAttributes = {
					B5FD1FC323A71FD5005F6AEA = {
						CreatedOnToolsVersion = 11.2.1;
					};
					B5FD1FDC23A71FD7005F6AEA = {
						CreatedOnToolsVersion = 11.2.1;
						TestTargetID = B5FD1FC323A71FD5005F6AEA;
					};
					B5FD1FE723A71FD7005F6AEA = {
						CreatedOnToolsVersion = 11.2.1;
						TestTargetID = B5FD1FC323A71FD5005F6AEA;
					};
				};
			};
			buildConfigurationList = B5FD1FBF23A71FD5005F6AEA /* Build configuration list for PBXProject "TestMVP" */;
			compatibilityVersion = "Xcode 9.3";
			developmentRegion = en;
			hasScannedForEncodings = 0;
			knownRegions = (
				en,
				Base,
			);
			mainGroup = B5FD1FBB23A71FD5005F6AEA;
			productRefGroup = B5FD1FC523A71FD5005F6AEA /* Products */;
			projectDirPath = "";
			projectRoot = "";
			targets = (
				B5FD1FC323A71FD5005F6AEA /* TestMVP */,
				B5FD1FDC23A71FD7005F6AEA /* TestMVPTests */,
				B5FD1FE723A71FD7005F6AEA /* TestMVPUITests */,
			);
		};
/* End PBXProject section */

/* Begin PBXResourcesBuildPhase section */
		B5FD1FC223A71FD5005F6AEA /* Resources */ = {
			isa = PBXResourcesBuildPhase;
			buildActionMask = 2147483647;
			files = (
				B559D15923AB1B7700824D1F /* CellBook.xib in Resources */,
				B5FD1FD723A71FD7005F6AEA /* LaunchScreen.storyboard in Resources */,
				B5FD1FD423A71FD7005F6AEA /* Assets.xcassets in Resources */,
				B559D16323AB1C4200824D1F /* BookViewController.xib in Resources */,
				B575FE6323A9CCC8004ED8D8 /* CircleViewController.xib in Resources */,
				B559D15023AB151700824D1F /* LoginViewController.xib in Resources */,
			);
			runOnlyForDeploymentPostprocessing = 0;
		};
		B5FD1FDB23A71FD7005F6AEA /* Resources */ = {
			isa = PBXResourcesBuildPhase;
			buildActionMask = 2147483647;
			files = (
			);
			runOnlyForDeploymentPostprocessing = 0;
		};
		B5FD1FE623A71FD7005F6AEA /* Resources */ = {
			isa = PBXResourcesBuildPhase;
			buildActionMask = 2147483647;
			files = (
			);
			runOnlyForDeploymentPostprocessing = 0;
		};
/* End PBXResourcesBuildPhase section */

/* Begin PBXShellScriptBuildPhase section */
		A8CC7812727F6D75E8E1B17B /* [CP] Check Pods Manifest.lock */ = {
			isa = PBXShellScriptBuildPhase;
			buildActionMask = 2147483647;
			files = (
			);
			inputFileListPaths = (
			);
			inputPaths = (
				"${PODS_PODFILE_DIR_PATH}/Podfile.lock",
				"${PODS_ROOT}/Manifest.lock",
			);
			name = "[CP] Check Pods Manifest.lock";
			outputFileListPaths = (
			);
			outputPaths = (
				"$(DERIVED_FILE_DIR)/Pods-TestMVP-checkManifestLockResult.txt",
			);
			runOnlyForDeploymentPostprocessing = 0;
			shellPath = /bin/sh;
			shellScript = "diff \"${PODS_PODFILE_DIR_PATH}/Podfile.lock\" \"${PODS_ROOT}/Manifest.lock\" > /dev/null\nif [ $? != 0 ] ; then\n    # print error to STDERR\n    echo \"error: The sandbox is not in sync with the Podfile.lock. Run 'pod install' or update your CocoaPods installation.\" >&2\n    exit 1\nfi\n# This output is used by Xcode 'outputs' to avoid re-running this script phase.\necho \"SUCCESS\" > \"${SCRIPT_OUTPUT_FILE_0}\"\n";
			showEnvVarsInLog = 0;
		};
/* End PBXShellScriptBuildPhase section */

/* Begin PBXSourcesBuildPhase section */
		B5FD1FC023A71FD5005F6AEA /* Sources */ = {
			isa = PBXSourcesBuildPhase;
			buildActionMask = 2147483647;
			files = (
				B559D15423AB159600824D1F /* UIView+extension.swift in Sources */,
				B559D14E23AB151700824D1F /* LoginViewController.swift in Sources */,
				B559D15823AB1B7700824D1F /* CellBook.swift in Sources */,
				B575FE5F23A9CCC8004ED8D8 /* CirclePresenter.swift in Sources */,
				B56F3CBF23B0698A0031ABD4 /* MapperData.swift in Sources */,
				B559D14C23AB151700824D1F /* LoginPresenter.swift in Sources */,
				B56F3CBA23B0610A0031ABD4 /* MovieRouter.swift in Sources */,
				B56F3CB323B058070031ABD4 /* Network.swift in Sources */,
				B56F3CC223B0790D0031ABD4 /* APIError.swift in Sources */,
				B5FD1FCC23A71FD5005F6AEA /* ViewController.swift in Sources */,
				B56F3CB523B0585E0031ABD4 /* BaseRouter.swift in Sources */,
				B5FD1FC823A71FD5005F6AEA /* AppDelegate.swift in Sources */,
				B56F3CC623B07F0D0031ABD4 /* MovieTopRateEntity.swift in Sources */,
				B559D15F23AB1C4200824D1F /* BookPresenter.swift in Sources */,
				B56F3CB123B056120031ABD4 /* Provider.swift in Sources */,
				B575FE6123A9CCC8004ED8D8 /* CircleViewController.swift in Sources */,
				B559D14D23AB151700824D1F /* LoginRouter.swift in Sources */,
				B559D16023AB1C4200824D1F /* BookRouter.swift in Sources */,
				B5FD1FCA23A71FD5005F6AEA /* SceneDelegate.swift in Sources */,
				B575FE6023A9CCC8004ED8D8 /* CircleRouter.swift in Sources */,
				B559D16223AB1C4200824D1F /* BookProtocols.swift in Sources */,
				B559D14F23AB151700824D1F /* LoginProtocols.swift in Sources */,
				B559D16123AB1C4200824D1F /* BookViewController.swift in Sources */,
				B5FD1FD223A71FD5005F6AEA /* TestMVP.xcdatamodeld in Sources */,
				B575FE6223A9CCC8004ED8D8 /* CircleProtocols.swift in Sources */,
				B56F3CB723B05FAA0031ABD4 /* BaseResponse.swift in Sources */,
				B56F3CBD23B062900031ABD4 /* MovieService.swift in Sources */,
			);
			runOnlyForDeploymentPostprocessing = 0;
		};
		B5FD1FD923A71FD7005F6AEA /* Sources */ = {
			isa = PBXSourcesBuildPhase;
			buildActionMask = 2147483647;
			files = (
				B5FD1FE223A71FD7005F6AEA /* TestMVPTests.swift in Sources */,
			);
			runOnlyForDeploymentPostprocessing = 0;
		};
		B5FD1FE423A71FD7005F6AEA /* Sources */ = {
			isa = PBXSourcesBuildPhase;
			buildActionMask = 2147483647;
			files = (
				B5FD1FED23A71FD7005F6AEA /* TestMVPUITests.swift in Sources */,
			);
			runOnlyForDeploymentPostprocessing = 0;
		};
/* End PBXSourcesBuildPhase section */

/* Begin PBXTargetDependency section */
		B5FD1FDF23A71FD7005F6AEA /* PBXTargetDependency */ = {
			isa = PBXTargetDependency;
			target = B5FD1FC323A71FD5005F6AEA /* TestMVP */;
			targetProxy = B5FD1FDE23A71FD7005F6AEA /* PBXContainerItemProxy */;
		};
		B5FD1FEA23A71FD7005F6AEA /* PBXTargetDependency */ = {
			isa = PBXTargetDependency;
			target = B5FD1FC323A71FD5005F6AEA /* TestMVP */;
			targetProxy = B5FD1FE923A71FD7005F6AEA /* PBXContainerItemProxy */;
		};
/* End PBXTargetDependency section */

/* Begin PBXVariantGroup section */
		B5FD1FD523A71FD7005F6AEA /* LaunchScreen.storyboard */ = {
			isa = PBXVariantGroup;
			children = (
				B5FD1FD623A71FD7005F6AEA /* Base */,
			);
			name = LaunchScreen.storyboard;
			sourceTree = "<group>";
		};
/* End PBXVariantGroup section */

/* Begin XCBuildConfiguration section */
		B5FD1FEF23A71FD7005F6AEA /* Debug */ = {
			isa = XCBuildConfiguration;
			buildSettings = {
				ALWAYS_SEARCH_USER_PATHS = NO;
				CLANG_ANALYZER_NONNULL = YES;
				CLANG_ANALYZER_NUMBER_OBJECT_CONVERSION = YES_AGGRESSIVE;
				CLANG_CXX_LANGUAGE_STANDARD = "gnu++14";
				CLANG_CXX_LIBRARY = "libc++";
				CLANG_ENABLE_MODULES = YES;
				CLANG_ENABLE_OBJC_ARC = YES;
				CLANG_ENABLE_OBJC_WEAK = YES;
				CLANG_WARN_BLOCK_CAPTURE_AUTORELEASING = YES;
				CLANG_WARN_BOOL_CONVERSION = YES;
				CLANG_WARN_COMMA = YES;
				CLANG_WARN_CONSTANT_CONVERSION = YES;
				CLANG_WARN_DEPRECATED_OBJC_IMPLEMENTATIONS = YES;
				CLANG_WARN_DIRECT_OBJC_ISA_USAGE = YES_ERROR;
				CLANG_WARN_DOCUMENTATION_COMMENTS = YES;
				CLANG_WARN_EMPTY_BODY = YES;
				CLANG_WARN_ENUM_CONVERSION = YES;
				CLANG_WARN_INFINITE_RECURSION = YES;
				CLANG_WARN_INT_CONVERSION = YES;
				CLANG_WARN_NON_LITERAL_NULL_CONVERSION = YES;
				CLANG_WARN_OBJC_IMPLICIT_RETAIN_SELF = YES;
				CLANG_WARN_OBJC_LITERAL_CONVERSION = YES;
				CLANG_WARN_OBJC_ROOT_CLASS = YES_ERROR;
				CLANG_WARN_RANGE_LOOP_ANALYSIS = YES;
				CLANG_WARN_STRICT_PROTOTYPES = YES;
				CLANG_WARN_SUSPICIOUS_MOVE = YES;
				CLANG_WARN_UNGUARDED_AVAILABILITY = YES_AGGRESSIVE;
				CLANG_WARN_UNREACHABLE_CODE = YES;
				CLANG_WARN__DUPLICATE_METHOD_MATCH = YES;
				COPY_PHASE_STRIP = NO;
				DEBUG_INFORMATION_FORMAT = dwarf;
				ENABLE_STRICT_OBJC_MSGSEND = YES;
				ENABLE_TESTABILITY = YES;
				GCC_C_LANGUAGE_STANDARD = gnu11;
				GCC_DYNAMIC_NO_PIC = NO;
				GCC_NO_COMMON_BLOCKS = YES;
				GCC_OPTIMIZATION_LEVEL = 0;
				GCC_PREPROCESSOR_DEFINITIONS = (
					"DEBUG=1",
					"$(inherited)",
				);
				GCC_WARN_64_TO_32_BIT_CONVERSION = YES;
				GCC_WARN_ABOUT_RETURN_TYPE = YES_ERROR;
				GCC_WARN_UNDECLARED_SELECTOR = YES;
				GCC_WARN_UNINITIALIZED_AUTOS = YES_AGGRESSIVE;
				GCC_WARN_UNUSED_FUNCTION = YES;
				GCC_WARN_UNUSED_VARIABLE = YES;
				IPHONEOS_DEPLOYMENT_TARGET = 13.2;
				MTL_ENABLE_DEBUG_INFO = INCLUDE_SOURCE;
				MTL_FAST_MATH = YES;
				ONLY_ACTIVE_ARCH = YES;
				SDKROOT = iphoneos;
				SWIFT_ACTIVE_COMPILATION_CONDITIONS = DEBUG;
				SWIFT_OPTIMIZATION_LEVEL = "-Onone";
			};
			name = Debug;
		};
		B5FD1FF023A71FD7005F6AEA /* Release */ = {
			isa = XCBuildConfiguration;
			buildSettings = {
				ALWAYS_SEARCH_USER_PATHS = NO;
				CLANG_ANALYZER_NONNULL = YES;
				CLANG_ANALYZER_NUMBER_OBJECT_CONVERSION = YES_AGGRESSIVE;
				CLANG_CXX_LANGUAGE_STANDARD = "gnu++14";
				CLANG_CXX_LIBRARY = "libc++";
				CLANG_ENABLE_MODULES = YES;
				CLANG_ENABLE_OBJC_ARC = YES;
				CLANG_ENABLE_OBJC_WEAK = YES;
				CLANG_WARN_BLOCK_CAPTURE_AUTORELEASING = YES;
				CLANG_WARN_BOOL_CONVERSION = YES;
				CLANG_WARN_COMMA = YES;
				CLANG_WARN_CONSTANT_CONVERSION = YES;
				CLANG_WARN_DEPRECATED_OBJC_IMPLEMENTATIONS = YES;
				CLANG_WARN_DIRECT_OBJC_ISA_USAGE = YES_ERROR;
				CLANG_WARN_DOCUMENTATION_COMMENTS = YES;
				CLANG_WARN_EMPTY_BODY = YES;
				CLANG_WARN_ENUM_CONVERSION = YES;
				CLANG_WARN_INFINITE_RECURSION = YES;
				CLANG_WARN_INT_CONVERSION = YES;
				CLANG_WARN_NON_LITERAL_NULL_CONVERSION = YES;
				CLANG_WARN_OBJC_IMPLICIT_RETAIN_SELF = YES;
				CLANG_WARN_OBJC_LITERAL_CONVERSION = YES;
				CLANG_WARN_OBJC_ROOT_CLASS = YES_ERROR;
				CLANG_WARN_RANGE_LOOP_ANALYSIS = YES;
				CLANG_WARN_STRICT_PROTOTYPES = YES;
				CLANG_WARN_SUSPICIOUS_MOVE = YES;
				CLANG_WARN_UNGUARDED_AVAILABILITY = YES_AGGRESSIVE;
				CLANG_WARN_UNREACHABLE_CODE = YES;
				CLANG_WARN__DUPLICATE_METHOD_MATCH = YES;
				COPY_PHASE_STRIP = NO;
				DEBUG_INFORMATION_FORMAT = "dwarf-with-dsym";
				ENABLE_NS_ASSERTIONS = NO;
				ENABLE_STRICT_OBJC_MSGSEND = YES;
				GCC_C_LANGUAGE_STANDARD = gnu11;
				GCC_NO_COMMON_BLOCKS = YES;
				GCC_WARN_64_TO_32_BIT_CONVERSION = YES;
				GCC_WARN_ABOUT_RETURN_TYPE = YES_ERROR;
				GCC_WARN_UNDECLARED_SELECTOR = YES;
				GCC_WARN_UNINITIALIZED_AUTOS = YES_AGGRESSIVE;
				GCC_WARN_UNUSED_FUNCTION = YES;
				GCC_WARN_UNUSED_VARIABLE = YES;
				IPHONEOS_DEPLOYMENT_TARGET = 13.2;
				MTL_ENABLE_DEBUG_INFO = NO;
				MTL_FAST_MATH = YES;
				SDKROOT = iphoneos;
				SWIFT_COMPILATION_MODE = wholemodule;
				SWIFT_OPTIMIZATION_LEVEL = "-O";
				VALIDATE_PRODUCT = YES;
			};
			name = Release;
		};
		B5FD1FF223A71FD7005F6AEA /* Debug */ = {
			isa = XCBuildConfiguration;
			baseConfigurationReference = B1101DE2CC19DE90D9AB5CBF /* Pods-TestMVP.debug.xcconfig */;
			buildSettings = {
				ASSETCATALOG_COMPILER_APPICON_NAME = AppIcon;
				CODE_SIGN_STYLE = Automatic;
				INFOPLIST_FILE = TestMVP/Info.plist;
				LD_RUNPATH_SEARCH_PATHS = (
					"$(inherited)",
					"@executable_path/Frameworks",
				);
				PRODUCT_BUNDLE_IDENTIFIER = asia.vitalify.TestMVP;
				PRODUCT_NAME = "$(TARGET_NAME)";
				SWIFT_VERSION = 5.0;
				TARGETED_DEVICE_FAMILY = "1,2";
			};
			name = Debug;
		};
		B5FD1FF323A71FD7005F6AEA /* Release */ = {
			isa = XCBuildConfiguration;
			baseConfigurationReference = C7ACB7F554F742174E86E913 /* Pods-TestMVP.release.xcconfig */;
			buildSettings = {
				ASSETCATALOG_COMPILER_APPICON_NAME = AppIcon;
				CODE_SIGN_STYLE = Automatic;
				INFOPLIST_FILE = TestMVP/Info.plist;
				LD_RUNPATH_SEARCH_PATHS = (
					"$(inherited)",
					"@executable_path/Frameworks",
				);
				PRODUCT_BUNDLE_IDENTIFIER = asia.vitalify.TestMVP;
				PRODUCT_NAME = "$(TARGET_NAME)";
				SWIFT_VERSION = 5.0;
				TARGETED_DEVICE_FAMILY = "1,2";
			};
			name = Release;
		};
		B5FD1FF523A71FD7005F6AEA /* Debug */ = {
			isa = XCBuildConfiguration;
			buildSettings = {
				ALWAYS_EMBED_SWIFT_STANDARD_LIBRARIES = YES;
				BUNDLE_LOADER = "$(TEST_HOST)";
				CODE_SIGN_STYLE = Automatic;
				INFOPLIST_FILE = TestMVPTests/Info.plist;
				IPHONEOS_DEPLOYMENT_TARGET = 13.2;
				LD_RUNPATH_SEARCH_PATHS = (
					"$(inherited)",
					"@executable_path/Frameworks",
					"@loader_path/Frameworks",
				);
				PRODUCT_BUNDLE_IDENTIFIER = asia.vitalify.TestMVPTests;
				PRODUCT_NAME = "$(TARGET_NAME)";
				SWIFT_VERSION = 5.0;
				TARGETED_DEVICE_FAMILY = "1,2";
				TEST_HOST = "$(BUILT_PRODUCTS_DIR)/TestMVP.app/TestMVP";
			};
			name = Debug;
		};
		B5FD1FF623A71FD7005F6AEA /* Release */ = {
			isa = XCBuildConfiguration;
			buildSettings = {
				ALWAYS_EMBED_SWIFT_STANDARD_LIBRARIES = YES;
				BUNDLE_LOADER = "$(TEST_HOST)";
				CODE_SIGN_STYLE = Automatic;
				INFOPLIST_FILE = TestMVPTests/Info.plist;
				IPHONEOS_DEPLOYMENT_TARGET = 13.2;
				LD_RUNPATH_SEARCH_PATHS = (
					"$(inherited)",
					"@executable_path/Frameworks",
					"@loader_path/Frameworks",
				);
				PRODUCT_BUNDLE_IDENTIFIER = asia.vitalify.TestMVPTests;
				PRODUCT_NAME = "$(TARGET_NAME)";
				SWIFT_VERSION = 5.0;
				TARGETED_DEVICE_FAMILY = "1,2";
				TEST_HOST = "$(BUILT_PRODUCTS_DIR)/TestMVP.app/TestMVP";
			};
			name = Release;
		};
		B5FD1FF823A71FD7005F6AEA /* Debug */ = {
			isa = XCBuildConfiguration;
			buildSettings = {
				ALWAYS_EMBED_SWIFT_STANDARD_LIBRARIES = YES;
				CODE_SIGN_STYLE = Automatic;
				INFOPLIST_FILE = TestMVPUITests/Info.plist;
				LD_RUNPATH_SEARCH_PATHS = (
					"$(inherited)",
					"@executable_path/Frameworks",
					"@loader_path/Frameworks",
				);
				PRODUCT_BUNDLE_IDENTIFIER = asia.vitalify.TestMVPUITests;
				PRODUCT_NAME = "$(TARGET_NAME)";
				SWIFT_VERSION = 5.0;
				TARGETED_DEVICE_FAMILY = "1,2";
				TEST_TARGET_NAME = TestMVP;
			};
			name = Debug;
		};
		B5FD1FF923A71FD7005F6AEA /* Release */ = {
			isa = XCBuildConfiguration;
			buildSettings = {
				ALWAYS_EMBED_SWIFT_STANDARD_LIBRARIES = YES;
				CODE_SIGN_STYLE = Automatic;
				INFOPLIST_FILE = TestMVPUITests/Info.plist;
				LD_RUNPATH_SEARCH_PATHS = (
					"$(inherited)",
					"@executable_path/Frameworks",
					"@loader_path/Frameworks",
				);
				PRODUCT_BUNDLE_IDENTIFIER = asia.vitalify.TestMVPUITests;
				PRODUCT_NAME = "$(TARGET_NAME)";
				SWIFT_VERSION = 5.0;
				TARGETED_DEVICE_FAMILY = "1,2";
				TEST_TARGET_NAME = TestMVP;
			};
			name = Release;
		};
/* End XCBuildConfiguration section */

/* Begin XCConfigurationList section */
		B5FD1FBF23A71FD5005F6AEA /* Build configuration list for PBXProject "TestMVP" */ = {
			isa = XCConfigurationList;
			buildConfigurations = (
				B5FD1FEF23A71FD7005F6AEA /* Debug */,
				B5FD1FF023A71FD7005F6AEA /* Release */,
			);
			defaultConfigurationIsVisible = 0;
			defaultConfigurationName = Release;
		};
		B5FD1FF123A71FD7005F6AEA /* Build configuration list for PBXNativeTarget "TestMVP" */ = {
			isa = XCConfigurationList;
			buildConfigurations = (
				B5FD1FF223A71FD7005F6AEA /* Debug */,
				B5FD1FF323A71FD7005F6AEA /* Release */,
			);
			defaultConfigurationIsVisible = 0;
			defaultConfigurationName = Release;
		};
		B5FD1FF423A71FD7005F6AEA /* Build configuration list for PBXNativeTarget "TestMVPTests" */ = {
			isa = XCConfigurationList;
			buildConfigurations = (
				B5FD1FF523A71FD7005F6AEA /* Debug */,
				B5FD1FF623A71FD7005F6AEA /* Release */,
			);
			defaultConfigurationIsVisible = 0;
			defaultConfigurationName = Release;
		};
		B5FD1FF723A71FD7005F6AEA /* Build configuration list for PBXNativeTarget "TestMVPUITests" */ = {
			isa = XCConfigurationList;
			buildConfigurations = (
				B5FD1FF823A71FD7005F6AEA /* Debug */,
				B5FD1FF923A71FD7005F6AEA /* Release */,
			);
			defaultConfigurationIsVisible = 0;
			defaultConfigurationName = Release;
		};
/* End XCConfigurationList section */

/* Begin XCVersionGroup section */
		B5FD1FD023A71FD5005F6AEA /* TestMVP.xcdatamodeld */ = {
			isa = XCVersionGroup;
			children = (
				B5FD1FD123A71FD5005F6AEA /* TestMVP.xcdatamodel */,
			);
			currentVersion = B5FD1FD123A71FD5005F6AEA /* TestMVP.xcdatamodel */;
			path = TestMVP.xcdatamodeld;
			sourceTree = "<group>";
			versionGroupType = wrapper.xcdatamodel;
		};
/* End XCVersionGroup section */
	};
	rootObject = B5FD1FBC23A71FD5005F6AEA /* Project object */;
}
